
Microsoft Visual Studio Solution File, Format Version 12.00
# Visual Studio Version 17
VisualStudioVersion = 17.8.34316.72
MinimumVisualStudioVersion = 10.0.40219.1
Project("{FAE04EC0-301F-11D3-BF4B-00C04F79EFBC}") = "lidb1", "lidb1\lidb1.csproj", "{F7EDB576-0696-4FCA-A603-1E1AACFF5225}"
EndProject
Global
	GlobalSection(SolutionConfigurationPlatforms) = preSolution
		Debug|Any CPU = Debug|Any CPU
		Release|Any CPU = Release|Any CPU
	EndGlobalSection
	GlobalSection(ProjectConfigurationPlatforms) = postSolution
		{F7EDB576-0696-4FCA-A603-1E1AACFF5225}.Debug|Any CPU.ActiveCfg = Debug|Any CPU
		{F7EDB576-0696-4FCA-A603-1E1AACFF5225}.Debug|Any CPU.Build.0 = Debug|Any CPU
		{F7EDB576-0696-4FCA-A603-1E1AACFF5225}.Release|Any CPU.ActiveCfg = Release|Any CPU
		{F7EDB576-0696-4FCA-A603-1E1AACFF5225}.Release|Any CPU.Build.0 = Release|Any CPU
	EndGlobalSection
	GlobalSection(SolutionProperties) = preSolution
		HideSolutionNode = FALSE
	EndGlobalSection
	GlobalSection(ExtensibilityGlobals) = postSolution
		SolutionGuid = {4B63CCC6-8976-412B-B886-5025A66155D1}
	EndGlobalSection
EndGlobal
